
Microsoft Visual Studio Solution File, Format Version 12.00
# Visual Studio 15
VisualStudioVersion = 15.0.28010.2026
MinimumVisualStudioVersion = 10.0.40219.1
Project("{FAE04EC0-301F-11D3-BF4B-00C04F79EFBC}") = "Lab1", "Lab1\Lab1.csproj", "{7A8D2A71-6437-4959-ACF0-9AA4B9BC2625}"
EndProject
Project("{FAE04EC0-301F-11D3-BF4B-00C04F79EFBC}") = "Lab2", "Lab2\Lab2.csproj", "{2AAE931B-19AE-4B7C-B18F-9C485F871D73}"
EndProject
Project("{FAE04EC0-301F-11D3-BF4B-00C04F79EFBC}") = "Lab3", "Lab3\Lab3.csproj", "{147FE76B-5F27-4B84-B83A-68997BEA8F47}"
EndProject
Global
	GlobalSection(SolutionConfigurationPlatforms) = preSolution
		Debug|Any CPU = Debug|Any CPU
		Release|Any CPU = Release|Any CPU
	EndGlobalSection
	GlobalSection(ProjectConfigurationPlatforms) = postSolution
		{7A8D2A71-6437-4959-ACF0-9AA4B9BC2625}.Debug|Any CPU.ActiveCfg = Debug|Any CPU
		{7A8D2A71-6437-4959-ACF0-9AA4B9BC2625}.Debug|Any CPU.Build.0 = Debug|Any CPU
		{7A8D2A71-6437-4959-ACF0-9AA4B9BC2625}.Release|Any CPU.ActiveCfg = Release|Any CPU
		{7A8D2A71-6437-4959-ACF0-9AA4B9BC2625}.Release|Any CPU.Build.0 = Release|Any CPU
		{2AAE931B-19AE-4B7C-B18F-9C485F871D73}.Debug|Any CPU.ActiveCfg = Debug|Any CPU
		{2AAE931B-19AE-4B7C-B18F-9C485F871D73}.Debug|Any CPU.Build.0 = Debug|Any CPU
		{2AAE931B-19AE-4B7C-B18F-9C485F871D73}.Release|Any CPU.ActiveCfg = Release|Any CPU
		{2AAE931B-19AE-4B7C-B18F-9C485F871D73}.Release|Any CPU.Build.0 = Release|Any CPU
		{147FE76B-5F27-4B84-B83A-68997BEA8F47}.Debug|Any CPU.ActiveCfg = Debug|Any CPU
		{147FE76B-5F27-4B84-B83A-68997BEA8F47}.Debug|Any CPU.Build.0 = Debug|Any CPU
		{147FE76B-5F27-4B84-B83A-68997BEA8F47}.Release|Any CPU.ActiveCfg = Release|Any CPU
		{147FE76B-5F27-4B84-B83A-68997BEA8F47}.Release|Any CPU.Build.0 = Release|Any CPU
	EndGlobalSection
	GlobalSection(SolutionProperties) = preSolution
		HideSolutionNode = FALSE
	EndGlobalSection
	GlobalSection(ExtensibilityGlobals) = postSolution
		SolutionGuid = {667E286E-24F1-4AA3-B11E-2127D0F8F8C6}
	EndGlobalSection
EndGlobal
